
Microsoft Visual Studio Solution File, Format Version 12.00
# Visual Studio Version 17
VisualStudioVersion = 17.6.33829.357
MinimumVisualStudioVersion = 10.0.40219.1
Project("{FAE04EC0-301F-11D3-BF4B-00C04F79EFBC}") = "Day2Project", "Day2Project\Day2Project.csproj", "{BD40A134-F6BF-4B36-8360-594B5059F5B8}"
EndProject
Global
	GlobalSection(SolutionConfigurationPlatforms) = preSolution
		Debug|Any CPU = Debug|Any CPU
		Release|Any CPU = Release|Any CPU
	EndGlobalSection
	GlobalSection(ProjectConfigurationPlatforms) = postSolution
		{BD40A134-F6BF-4B36-8360-594B5059F5B8}.Debug|Any CPU.ActiveCfg = Debug|Any CPU
		{BD40A134-F6BF-4B36-8360-594B5059F5B8}.Debug|Any CPU.Build.0 = Debug|Any CPU
		{BD40A134-F6BF-4B36-8360-594B5059F5B8}.Release|Any CPU.ActiveCfg = Release|Any CPU
		{BD40A134-F6BF-4B36-8360-594B5059F5B8}.Release|Any CPU.Build.0 = Release|Any CPU
	EndGlobalSection
	GlobalSection(SolutionProperties) = preSolution
		HideSolutionNode = FALSE
	EndGlobalSection
	GlobalSection(ExtensibilityGlobals) = postSolution
		SolutionGuid = {F5BE810B-1524-46D8-9BE2-8C08C12E5133}
	EndGlobalSection
EndGlobal
